
Microsoft Visual Studio Solution File, Format Version 12.00
# Visual Studio Version 16
VisualStudioVersion = 16.0.31313.79
MinimumVisualStudioVersion = 10.0.40219.1
Project("{9A19103F-16F7-4668-BE54-9A1E7A4F7556}") = "BEACN Mix Create - Force Default Device", "GoXLR.Force.Defaults\BEACN Mix Create - Force Default Device.csproj", "{473C3AC3-431C-4DEB-BAA7-C1D40C73F1A0}"
EndProject
Global
	GlobalSection(SolutionConfigurationPlatforms) = preSolution
		Debug|Any CPU = Debug|Any CPU
		Release|Any CPU = Release|Any CPU
	EndGlobalSection
	GlobalSection(ProjectConfigurationPlatforms) = postSolution
		{473C3AC3-431C-4DEB-BAA7-C1D40C73F1A0}.Debug|Any CPU.ActiveCfg = Release|Any CPU
		{473C3AC3-431C-4DEB-BAA7-C1D40C73F1A0}.Debug|Any CPU.Build.0 = Release|Any CPU
		{473C3AC3-431C-4DEB-BAA7-C1D40C73F1A0}.Release|Any CPU.ActiveCfg = Release|Any CPU
		{473C3AC3-431C-4DEB-BAA7-C1D40C73F1A0}.Release|Any CPU.Build.0 = Release|Any CPU
	EndGlobalSection
	GlobalSection(SolutionProperties) = preSolution
		HideSolutionNode = FALSE
	EndGlobalSection
	GlobalSection(ExtensibilityGlobals) = postSolution
		SolutionGuid = {7E3EBF53-85BA-46A3-99C2-0EC8F4A1477F}
	EndGlobalSection
EndGlobal
